
Microsoft Visual Studio Solution File, Format Version 12.00
# Visual Studio Version 16
VisualStudioVersion = 16.0.31105.61
MinimumVisualStudioVersion = 10.0.40219.1
Project("{FAE04EC0-301F-11D3-BF4B-00C04F79EFBC}") = "Semana08", "Semana08\Semana08.csproj", "{182B93F5-D126-4407-A7EB-67E7DAFC0691}"
EndProject
Global
	GlobalSection(SolutionConfigurationPlatforms) = preSolution
		Debug|Any CPU = Debug|Any CPU
		Release|Any CPU = Release|Any CPU
	EndGlobalSection
	GlobalSection(ProjectConfigurationPlatforms) = postSolution
		{182B93F5-D126-4407-A7EB-67E7DAFC0691}.Debug|Any CPU.ActiveCfg = Debug|Any CPU
		{182B93F5-D126-4407-A7EB-67E7DAFC0691}.Debug|Any CPU.Build.0 = Debug|Any CPU
		{182B93F5-D126-4407-A7EB-67E7DAFC0691}.Release|Any CPU.ActiveCfg = Release|Any CPU
		{182B93F5-D126-4407-A7EB-67E7DAFC0691}.Release|Any CPU.Build.0 = Release|Any CPU
	EndGlobalSection
	GlobalSection(SolutionProperties) = preSolution
		HideSolutionNode = FALSE
	EndGlobalSection
	GlobalSection(ExtensibilityGlobals) = postSolution
		SolutionGuid = {E43F3515-5C8E-4755-B17B-49E04647A5AE}
	EndGlobalSection
EndGlobal
